{
  "lockVersion" : 1,
  "timestamp" : "2026-09-26T07:52:13.538045367Z",
  "configurations" : [
    "compile",
    "optional",
    "provided",
    "runtime",
    "test"
  ],
  "dependencies" : [
    {
      "org" : "co.fs2",
      "name" : "fs2-core_3",
      "version" : "3.14.0",
      "artifacts" : [
        {
          "name" : "fs2-core_3.jar",
          "hash" : "sha1:394f5f47e8ae53e3d2a3c20ec4c900f6b3f42e98"
        }
      ],
      "configurations" : [
        "compile",
        "runtime",
        "test"
      ]
    },
    {
      "org" : "junit",
      "name" : "junit",
      "version" : "4.13.2",
      "artifacts" : [
        {
          "name" : "junit.jar",
          "hash" : "sha1:8ac9e16d933b6fb43bc7f576336b8f4d7eb5ba12"
        }
      ],
      "configurations" : [
        "test"
      ]
    },
    {
      "org" : "org.hamcrest",
      "name" : "hamcrest-core",
      "version" : "1.3",
      "artifacts" : [
        {
          "name" : "hamcrest-core.jar",
          "hash" : "sha1:42a25dc3219429f0e5d060061f71acb49bf010a0"
        }
      ],
      "configurations" : [
        "test"
      ]
    },
    {
      "org" : "org.portable-scala",
      "name" : "portable-scala-reflect_2.13",
      "version" : "1.1.3",
      "artifacts" : [
        {
          "name" : "portable-scala-reflect_2.13.jar",
          "hash" : "sha1:f9295253915f13387e1d4e5b54d531c95e6e2197"
        }
      ],
      "configurations" : [
        "test"
      ]
    },
    {
      "org" : "org.scala-lang",
      "name" : "scala-library",
      "version" : "3.9.0",
      "artifacts" : [
        {
          "name" : "scala-library.jar",
          "hash" : "sha1:08f3ebf03aa11fa0f422e3430b3401c4f81e688a"
        }
      ],
      "configurations" : [
        "compile",
        "runtime",
        "test"
      ]
    },
    {
      "org" : "org.scala-lang",
      "name" : "scala3-library_3",
      "version" : "3.9.0",
      "artifacts" : [
        {
          "name" : "scala3-library_3.jar",
          "hash" : "sha1:ca71b2166bba365481723d935f6058a213a071fe"
        }
      ],
      "configurations" : [
        "compile",
        "runtime",
        "test"
      ]
    },
    {
      "org" : "org.scala-sbt",
      "name" : "test-interface",
      "version" : "1.0",
      "artifacts" : [
        {
          "name" : "test-interface.jar",
          "hash" : "sha1:0a3f14d010c4cb32071f863d97291df31603b521"
        }
      ],
      "configurations" : [
        "test"
      ]
    },
    {
      "org" : "org.scalameta",
      "name" : "junit-interface",
      "version" : "1.3.6",
      "artifacts" : [
        {
          "name" : "junit-interface.jar",
          "hash" : "sha1:a21eaff40db600e6494c15003131c1c0f8d7b2a6"
        }
      ],
      "configurations" : [
        "test"
      ]
    },
    {
      "org" : "org.scalameta",
      "name" : "munit-diff_3",
      "version" : "1.3.6",
      "artifacts" : [
        {
          "name" : "munit-diff_3.jar",
          "hash" : "sha1:7d70bee7a13b096a232481bfd1a0cdeeaee317d4"
        }
      ],
      "configurations" : [
        "test"
      ]
    },
    {
      "org" : "org.scalameta",
      "name" : "munit_3",
      "version" : "1.3.6",
      "artifacts" : [
        {
          "name" : "munit_3.jar",
          "hash" : "sha1:80cfc247cfdfcd52b17cfca73ebafbf8e4db9d38"
        }
      ],
      "configurations" : [
        "test"
      ]
    },
    {
      "org" : "org.scodec",
      "name" : "scodec-bits_3",
      "version" : "1.2.5",
      "artifacts" : [
        {
          "name" : "scodec-bits_3.jar",
          "hash" : "sha1:26795cc0c673c36c8c1ca9ae5abec23990413b09"
        }
      ],
      "configurations" : [
        "compile",
        "runtime",
        "test"
      ]
    },
    {
      "org" : "org.typelevel",
      "name" : "cats-core_3",
      "version" : "2.13.0",
      "artifacts" : [
        {
          "name" : "cats-core_3.jar",
          "hash" : "sha1:cafcdb23af26a0b2de13a1b362ae33c72fafcd6a"
        }
      ],
      "configurations" : [
        "compile",
        "runtime",
        "test"
      ]
    },
    {
      "org" : "org.typelevel",
      "name" : "cats-effect-kernel_3",
      "version" : "3.7.1",
      "artifacts" : [
        {
          "name" : "cats-effect-kernel_3.jar",
          "hash" : "sha1:ebd42e0e91c750a3519724267f7b62ef7713b1fd"
        }
      ],
      "configurations" : [
        "compile",
        "runtime",
        "test"
      ]
    },
    {
      "org" : "org.typelevel",
      "name" : "cats-effect-std_3",
      "version" : "3.7.1",
      "artifacts" : [
        {
          "name" : "cats-effect-std_3.jar",
          "hash" : "sha1:b44e0779f1c28976f78b3564c6bab29f7919db62"
        }
      ],
      "configurations" : [
        "compile",
        "runtime",
        "test"
      ]
    },
    {
      "org" : "org.typelevel",
      "name" : "cats-effect_3",
      "version" : "3.7.1",
      "artifacts" : [
        {
          "name" : "cats-effect_3.jar",
          "hash" : "sha1:c1da89c5eff1f9b9e3b8f20c6b55f42d16a867dd"
        }
      ],
      "configurations" : [
        "compile",
        "runtime",
        "test"
      ]
    },
    {
      "org" : "org.typelevel",
      "name" : "cats-kernel_3",
      "version" : "2.13.0",
      "artifacts" : [
        {
          "name" : "cats-kernel_3.jar",
          "hash" : "sha1:b54ec5e7b865852b84856f5781c7b8426d3a73a4"
        }
      ],
      "configurations" : [
        "compile",
        "runtime",
        "test"
      ]
    },
    {
      "org" : "org.typelevel",
      "name" : "cats-mtl_3",
      "version" : "1.7.0",
      "artifacts" : [
        {
          "name" : "cats-mtl_3.jar",
          "hash" : "sha1:b546dd170f4b34b0466f82b96b56b44d7640a14e"
        }
      ],
      "configurations" : [
        "compile",
        "runtime",
        "test"
      ]
    }
  ]
}